<?xml version="1.0" encoding="UTF-8" standalone="yes" ?>
<CodeBlocks_project_file>
	<FileVersion major="1" minor="6" />
	<Project>
		<Option title="uart_terminal" />
		<Option pch_mode="2" />
		<Option compiler="gcc" />
		<Build>
			<Target title="Debug">
				<Option output="output/bin/Debug/uart_terminal" prefix_auto="1" extension_auto="1" />
				<Option working_dir="output/bin/Debug/" />
				<Option object_output="output/obj/Debug/" />
				<Option type="0" />
				<Option compiler="gcc" />
				<Option projectLinkerOptionsRelation="2" />
				<Compiler>
					<Add option="-g" />
					<Add option="-D__WXDEBUG__" />
					<Add directory="$(#wx)/lib/gcc_lib/mswd" />
				</Compiler>
				<ResourceCompiler>
					<Add directory="$(#wx)/lib/gcc_lib/mswd" />
				</ResourceCompiler>
				<Linker>
					<Add library="libwxmsw30ud.a" />
					<Add library="libwxpngd.a" />
					<Add library="libwxjpegd.a" />
					<Add library="libwxtiffd.a" />
					<Add library="libwxzlibd.a" />
					<Add library="libjerryscriptd.a" />
					<Add directory="$(#wx)/lib/gcc_lib" />
					<Add directory="lib" />
				</Linker>
			</Target>
			<Target title="Release">
				<Option output="output/bin/Release/uart_terminal" prefix_auto="1" extension_auto="1" />
				<Option working_dir="output/bin/Release/" />
				<Option object_output="output/obj/Release/" />
				<Option type="0" />
				<Option compiler="gcc" />
				<Option parameters="-g" />
				<Option projectLinkerOptionsRelation="2" />
				<Compiler>
					<Add option="-O2" />
					<Add directory="$(#wx)/lib/gcc_lib/msw" />
				</Compiler>
				<ResourceCompiler>
					<Add directory="$(#wx)/lib/gcc_lib/msw" />
				</ResourceCompiler>
				<Linker>
					<Add option="-s" />
					<Add library="libwxmsw30u.a" />
					<Add library="libwxpng.a" />
					<Add library="libwxjpeg.a" />
					<Add library="libwxtiff.a" />
					<Add library="libwxzlib.a" />
					<Add library="libjerryscript.a" />
					<Add directory="$(#wx)/lib/gcc_lib" />
					<Add directory="lib" />
				</Linker>
			</Target>
		</Build>
		<Compiler>
			<Add option="-Wall" />
			<Add option="-std=c++0x" />
			<Add option="-Wno-deprecated-declarations" />
			<Add option="-fexceptions" />
			<Add option="-D__GNUWIN32__" />
			<Add option="-D__WXMSW__" />
			<Add option="-DNO_LIB" />
			<Add option="-DJERRY_DEBUGGER" />
			<Add option="-DWIN32" />
			<Add directory="$(#wx)/include" />
			<Add directory="$(#wx)/contrib/include" />
			<Add directory="../hardware/drivers/uart" />
			<Add directory="../infrastructure/main" />
			<Add directory="../infrastructure/config" />
			<Add directory="../infrastructure/jerryscript" />
			<Add directory="../infrastructure/jerryscript/class" />
			<Add directory="../infrastructure/data_plot" />
			<Add directory="../infrastructure/jerryscript/gui" />
			<Add directory="../infrastructure/thread" />
			<Add directory="../application/uart_terminal" />
		</Compiler>
		<ResourceCompiler>
			<Add directory="$(#wx)/include" />
		</ResourceCompiler>
		<Linker>
			<Add option="-static-libstdc++" />
			<Add option="-static-libgcc" />
			<Add library="libkernel32.a" />
			<Add library="libuser32.a" />
			<Add library="libgdi32.a" />
			<Add library="libwinspool.a" />
			<Add library="libcomdlg32.a" />
			<Add library="libadvapi32.a" />
			<Add library="libshell32.a" />
			<Add library="libole32.a" />
			<Add library="liboleaut32.a" />
			<Add library="libuuid.a" />
			<Add library="libcomctl32.a" />
			<Add library="libwsock32.a" />
			<Add library="libodbc32.a" />
		</Linker>
		<Unit filename="../application/uart_terminal/ap_uart_terminal_frame_cpp.cpp" />
		<Unit filename="../application/uart_terminal/ap_uart_terminal_frame_h.h" />
		<Unit filename="../application/uart_terminal/ap_uart_terminal_frame_rc.rc">
			<Option compilerVar="WINDRES" />
		</Unit>
		<Unit filename="../application/uart_terminal/ap_uart_terminal_frame_wxs.wxs" />
		<Unit filename="../application/uart_terminal/icon/ap_ut_icon_app_xpm.xpm" />
		<Unit filename="../application/uart_terminal/icon/lp_play_ico_xpm.xpm" />
		<Unit filename="../application/uart_terminal/icon/lp_stop_ico_xpm.xpm" />
		<Unit filename="../hardware/drivers/uart/hw_dr_uart_driver_cpp.cpp" />
		<Unit filename="../hardware/drivers/uart/hw_dr_uart_driver_h.h" />
		<Unit filename="../infrastructure/config/in_config_ini_wrapper_cpp.cpp" />
		<Unit filename="../infrastructure/config/in_config_ini_wrapper_h.h" />
		<Unit filename="../infrastructure/data_plot/in_data_plot_graph_cpp.cpp" />
		<Unit filename="../infrastructure/data_plot/in_data_plot_graph_h.h" />
		<Unit filename="../infrastructure/data_plot/in_data_plot_graph_wxs.wxs" />
		<Unit filename="../infrastructure/jerryscript/class/in_js_class_button_js_cpp.cpp" />
		<Unit filename="../infrastructure/jerryscript/class/in_js_class_button_js_h.h" />
		<Unit filename="../infrastructure/jerryscript/class/in_js_class_check_box_js_cpp.cpp" />
		<Unit filename="../infrastructure/jerryscript/class/in_js_class_check_box_js_h.h" />
		<Unit filename="../infrastructure/jerryscript/class/in_js_class_file_js_cpp.cpp" />
		<Unit filename="../infrastructure/jerryscript/class/in_js_class_file_js_h.h" />
		<Unit filename="../infrastructure/jerryscript/class/in_js_class_gauge_js_cpp.cpp" />
		<Unit filename="../infrastructure/jerryscript/class/in_js_class_gauge_js_h.h" />
		<Unit filename="../infrastructure/jerryscript/class/in_js_class_graph_js_cpp.cpp" />
		<Unit filename="../infrastructure/jerryscript/class/in_js_class_graph_js_h.h" />
		<Unit filename="../infrastructure/jerryscript/class/in_js_class_main_frame_js_cpp.cpp" />
		<Unit filename="../infrastructure/jerryscript/class/in_js_class_main_frame_js_h.h" />
		<Unit filename="../infrastructure/jerryscript/class/in_js_class_panel_js_cpp.cpp" />
		<Unit filename="../infrastructure/jerryscript/class/in_js_class_panel_js_h.h" />
		<Unit filename="../infrastructure/jerryscript/class/in_js_class_sizer_js_cpp.cpp" />
		<Unit filename="../infrastructure/jerryscript/class/in_js_class_sizer_js_h.h" />
		<Unit filename="../infrastructure/jerryscript/class/in_js_class_slider_js_cpp.cpp" />
		<Unit filename="../infrastructure/jerryscript/class/in_js_class_slider_js_h.h" />
		<Unit filename="../infrastructure/jerryscript/class/in_js_class_static_text_js_cpp.cpp" />
		<Unit filename="../infrastructure/jerryscript/class/in_js_class_static_text_js_h.h" />
		<Unit filename="../infrastructure/jerryscript/class/in_js_class_textctrl_js_cpp.cpp" />
		<Unit filename="../infrastructure/jerryscript/class/in_js_class_textctrl_js_h.h" />
		<Unit filename="../infrastructure/jerryscript/class/in_js_class_time_js_cpp.cpp" />
		<Unit filename="../infrastructure/jerryscript/class/in_js_class_time_js_h.h" />
		<Unit filename="../infrastructure/jerryscript/class/in_js_class_timer_js_cpp.cpp" />
		<Unit filename="../infrastructure/jerryscript/class/in_js_class_timer_js_h.h" />
		<Unit filename="../infrastructure/jerryscript/class/in_js_class_uart_js_cpp.cpp" />
		<Unit filename="../infrastructure/jerryscript/class/in_js_class_uart_js_h.h" />
		<Unit filename="../infrastructure/jerryscript/gui/icon/lp_in_js_gui_ico_xpm.xpm" />
		<Unit filename="../infrastructure/jerryscript/gui/in_js_gui_button_cpp.cpp" />
		<Unit filename="../infrastructure/jerryscript/gui/in_js_gui_check_box_cpp.cpp" />
		<Unit filename="../infrastructure/jerryscript/gui/in_js_gui_frame_cpp.cpp" />
		<Unit filename="../infrastructure/jerryscript/gui/in_js_gui_frame_h.h" />
		<Unit filename="../infrastructure/jerryscript/gui/in_js_gui_frame_rc.rc">
			<Option compilerVar="WINDRES" />
		</Unit>
		<Unit filename="../infrastructure/jerryscript/gui/in_js_gui_frame_wxs.wxs" />
		<Unit filename="../infrastructure/jerryscript/gui/in_js_gui_gauge_cpp.cpp" />
		<Unit filename="../infrastructure/jerryscript/gui/in_js_gui_graph_cpp.cpp" />
		<Unit filename="../infrastructure/jerryscript/gui/in_js_gui_panel_cpp.cpp" />
		<Unit filename="../infrastructure/jerryscript/gui/in_js_gui_sizer_cpp.cpp" />
		<Unit filename="../infrastructure/jerryscript/gui/in_js_gui_slider_cpp.cpp" />
		<Unit filename="../infrastructure/jerryscript/gui/in_js_gui_static_text_cpp.cpp" />
		<Unit filename="../infrastructure/jerryscript/gui/in_js_gui_textctrl_cpp.cpp" />
		<Unit filename="../infrastructure/jerryscript/in_jerryscript_core_h.h" />
		<Unit filename="../infrastructure/jerryscript/in_jerryscript_debugger_h.h" />
		<Unit filename="../infrastructure/jerryscript/in_jerryscript_port_cpp.cpp" />
		<Unit filename="../infrastructure/jerryscript/in_jerryscript_port_h.h" />
		<Unit filename="../infrastructure/main/in_main_app_cpp.cpp" />
		<Unit filename="../infrastructure/main/in_main_app_h.h" />
		<Unit filename="../infrastructure/thread/in_thread_worker_cpp.cpp" />
		<Unit filename="../infrastructure/thread/in_thread_worker_h.h" />
		<Unit filename="../infrastructure/wx/led.cpp" />
		<Unit filename="../infrastructure/wx/mathplot.cpp" />
		<Unit filename="doxygen/jerryscript_h.h" />
		<Unit filename="script/button.js" />
		<Unit filename="script/check_box.js" />
		<Unit filename="script/file.js" />
		<Unit filename="script/gauge.js" />
		<Unit filename="script/gui.js" />
		<Unit filename="script/panel.js" />
		<Unit filename="script/protocol.js" />
		<Unit filename="script/slider.js" />
		<Unit filename="script/static_text.js" />
		<Unit filename="script/textctrl.js" />
		<Unit filename="script/time.js" />
		<Unit filename="script/uart.js" />
		<Unit filename="usart_terminal.cbp" />
		<Extensions>
			<code_completion />
			<envvars />
			<debugger />
			<lib_finder disable_auto="1" />
			<wxsmith version="1">
				<gui name="wxWidgets" src="../infrastructure/main/in_main_app_cpp.cpp" main="main_frame" init_handlers="necessary" language="CPP" />
				<resources>
					<wxFrame wxs="../application/uart_terminal/ap_uart_terminal_frame_wxs.wxs" src="../application/uart_terminal/ap_uart_terminal_frame_cpp.cpp" hdr="../application/uart_terminal/ap_uart_terminal_frame_h.h" fwddecl="0" i18n="1" name="main_frame" language="CPP" />
					<wxFrame wxs="../infrastructure/jerryscript/gui/in_js_gui_frame_wxs.wxs" src="../infrastructure/jerryscript/gui/in_js_gui_frame_cpp.cpp" hdr="../infrastructure/jerryscript/gui/in_js_gui_frame_h.h" fwddecl="0" i18n="1" name="gui_frame" language="CPP" />
					<wxPanel wxs="../infrastructure/data_plot/in_data_plot_graph_wxs.wxs" src="../infrastructure/data_plot/in_data_plot_graph_cpp.cpp" hdr="../infrastructure/data_plot/in_data_plot_graph_h.h" fwddecl="0" i18n="1" name="data_plot" language="CPP" />
				</resources>
			</wxsmith>
			<DoxyBlocks>
				<comment_style block="0" line="0" />
				<doxyfile_project />
				<doxyfile_build />
				<doxyfile_warnings />
				<doxyfile_output />
				<doxyfile_dot />
				<general use_at_in_tags="1" />
			</DoxyBlocks>
		</Extensions>
	</Project>
</CodeBlocks_project_file>
